
Microsoft Visual Studio Solution File, Format Version 12.00
# Visual Studio 2013
VisualStudioVersion = 12.0.31101.0
MinimumVisualStudioVersion = 10.0.40219.1
Project("{FAE04EC0-301F-11D3-BF4B-00C04F79EFBC}") = "KUMO.CentralAdmin.Model", "KUMO.CentralAdmin\KUMO.CentralAdmin.Model.csproj", "{E901DB11-5875-4EF6-9B8B-3E9902F779BD}"
EndProject
Project("{FAE04EC0-301F-11D3-BF4B-00C04F79EFBC}") = "KUMO.CentralAdmin.Repositories", "KUMO.CentralAdmin.Repositories\KUMO.CentralAdmin.Repositories.csproj", "{F1826288-DC24-4D2E-8F90-6211DFB6563B}"
EndProject
Project("{FAE04EC0-301F-11D3-BF4B-00C04F79EFBC}") = "KUMO.CentralAdmin.Application", "KUMO.CentralAdmin.Application\KUMO.CentralAdmin.Application.csproj", "{133CA487-F484-47E0-8EB0-BA0C9A0527FB}"
EndProject
Project("{00D1A9C2-B5F0-4AF3-8072-F6C62B433612}") = "KUMO.CentralAdmin.Database", "KUMO.CentralAdmin.Database\KUMO.CentralAdmin.Database.sqlproj", "{0AAA467D-211F-45E2-87E6-6C8EDD724DF1}"
EndProject
Project("{FAE04EC0-301F-11D3-BF4B-00C04F79EFBC}") = "KUMO.CentralAdmin.Web", "KUMO.CentralAdmin.Web\KUMO.CentralAdmin.Web.csproj", "{D992DB0C-6FCB-42BC-8A81-E4B66D934646}"
EndProject
Project("{2150E333-8FDC-42A3-9474-1A3956D46DE8}") = "readme", "readme", "{3C9C18C7-ECDA-4454-9137-5C1A846A04EC}"
	ProjectSection(SolutionItems) = preProject
		Readme.txt = Readme.txt
	EndProjectSection
EndProject
Global
	GlobalSection(TeamFoundationVersionControl) = preSolution
		SccNumberOfProjects = 6
		SccEnterpriseProvider = {4CA58AB2-18FA-4F8D-95D4-32DDF27D184C}
		SccTeamFoundationServer = https://test-kumo-eip.visualstudio.com/defaultcollection
		SccLocalPath0 = .
		SccProjectUniqueName1 = KUMO.CentralAdmin.Application\\KUMO.CentralAdmin.Application.csproj
		SccProjectName1 = KUMO.CentralAdmin.Application
		SccLocalPath1 = KUMO.CentralAdmin.Application
		SccProjectUniqueName2 = KUMO.CentralAdmin.Database\\KUMO.CentralAdmin.Database.sqlproj
		SccProjectName2 = KUMO.CentralAdmin.Database
		SccLocalPath2 = KUMO.CentralAdmin.Database
		SccProjectUniqueName3 = KUMO.CentralAdmin.Repositories\\KUMO.CentralAdmin.Repositories.csproj
		SccProjectName3 = KUMO.CentralAdmin.Repositories
		SccLocalPath3 = KUMO.CentralAdmin.Repositories
		SccProjectUniqueName4 = KUMO.CentralAdmin.Web\\KUMO.CentralAdmin.Web.csproj
		SccProjectName4 = KUMO.CentralAdmin.Web
		SccLocalPath4 = KUMO.CentralAdmin.Web
		SccProjectUniqueName5 = KUMO.CentralAdmin\\KUMO.CentralAdmin.Model.csproj
		SccProjectName5 = KUMO.CentralAdmin
		SccLocalPath5 = KUMO.CentralAdmin
	EndGlobalSection
	GlobalSection(SolutionConfigurationPlatforms) = preSolution
		Debug|Any CPU = Debug|Any CPU
		Release|Any CPU = Release|Any CPU
	EndGlobalSection
	GlobalSection(ProjectConfigurationPlatforms) = postSolution
		{E901DB11-5875-4EF6-9B8B-3E9902F779BD}.Debug|Any CPU.ActiveCfg = Debug|Any CPU
		{E901DB11-5875-4EF6-9B8B-3E9902F779BD}.Debug|Any CPU.Build.0 = Debug|Any CPU
		{E901DB11-5875-4EF6-9B8B-3E9902F779BD}.Release|Any CPU.ActiveCfg = Release|Any CPU
		{E901DB11-5875-4EF6-9B8B-3E9902F779BD}.Release|Any CPU.Build.0 = Release|Any CPU
		{F1826288-DC24-4D2E-8F90-6211DFB6563B}.Debug|Any CPU.ActiveCfg = Debug|Any CPU
		{F1826288-DC24-4D2E-8F90-6211DFB6563B}.Debug|Any CPU.Build.0 = Debug|Any CPU
		{F1826288-DC24-4D2E-8F90-6211DFB6563B}.Release|Any CPU.ActiveCfg = Release|Any CPU
		{F1826288-DC24-4D2E-8F90-6211DFB6563B}.Release|Any CPU.Build.0 = Release|Any CPU
		{133CA487-F484-47E0-8EB0-BA0C9A0527FB}.Debug|Any CPU.ActiveCfg = Debug|Any CPU
		{133CA487-F484-47E0-8EB0-BA0C9A0527FB}.Debug|Any CPU.Build.0 = Debug|Any CPU
		{133CA487-F484-47E0-8EB0-BA0C9A0527FB}.Release|Any CPU.ActiveCfg = Release|Any CPU
		{133CA487-F484-47E0-8EB0-BA0C9A0527FB}.Release|Any CPU.Build.0 = Release|Any CPU
		{0AAA467D-211F-45E2-87E6-6C8EDD724DF1}.Debug|Any CPU.ActiveCfg = Debug|Any CPU
		{0AAA467D-211F-45E2-87E6-6C8EDD724DF1}.Debug|Any CPU.Build.0 = Debug|Any CPU
		{0AAA467D-211F-45E2-87E6-6C8EDD724DF1}.Debug|Any CPU.Deploy.0 = Debug|Any CPU
		{0AAA467D-211F-45E2-87E6-6C8EDD724DF1}.Release|Any CPU.ActiveCfg = Release|Any CPU
		{0AAA467D-211F-45E2-87E6-6C8EDD724DF1}.Release|Any CPU.Build.0 = Release|Any CPU
		{0AAA467D-211F-45E2-87E6-6C8EDD724DF1}.Release|Any CPU.Deploy.0 = Release|Any CPU
		{D992DB0C-6FCB-42BC-8A81-E4B66D934646}.Debug|Any CPU.ActiveCfg = Debug|Any CPU
		{D992DB0C-6FCB-42BC-8A81-E4B66D934646}.Debug|Any CPU.Build.0 = Debug|Any CPU
		{D992DB0C-6FCB-42BC-8A81-E4B66D934646}.Release|Any CPU.ActiveCfg = Release|Any CPU
		{D992DB0C-6FCB-42BC-8A81-E4B66D934646}.Release|Any CPU.Build.0 = Release|Any CPU
	EndGlobalSection
	GlobalSection(SolutionProperties) = preSolution
		HideSolutionNode = FALSE
	EndGlobalSection
EndGlobal
